// !$*UTF8*$!
{
	archiveVersion = 1;
	classes = {
	};
	objectVersion = 56;
	objects = {

/* Begin PBXBuildFile section */
		8B3C3EAC29E2729400E35848 /* ImageContainerView.swift in Sources */ = {isa = PBXBuildFile; fileRef = 8B3C3EAB29E2729400E35848 /* ImageContainerView.swift */; };
		A2AEB6A629B2FFC00050C235 /* SwiftUIMoMoHomeScreenApp.swift in Sources */ = {isa = PBXBuildFile; fileRef = A2AEB6A529B2FFC00050C235 /* SwiftUIMoMoHomeScreenApp.swift */; };
		A2AEB6A829B2FFC00050C235 /* ContentView.swift in Sources */ = {isa = PBXBuildFile; fileRef = A2AEB6A729B2FFC00050C235 /* ContentView.swift */; };
		A2AEB6AA29B2FFC10050C235 /* Assets.xcassets in Resources */ = {isa = PBXBuildFile; fileRef = A2AEB6A929B2FFC10050C235 /* Assets.xcassets */; };
		A2AEB6AD29B2FFC10050C235 /* Preview Assets.xcassets in Resources */ = {isa = PBXBuildFile; fileRef = A2AEB6AC29B2FFC10050C235 /* Preview Assets.xcassets */; };
		A2AEB6B429B4C8980050C235 /* HomeView.swift in Sources */ = {isa = PBXBuildFile; fileRef = A2AEB6B329B4C8980050C235 /* HomeView.swift */; };
		A2EB794029D099AD00ABCCE9 /* ProductBlock.swift in Sources */ = {isa = PBXBuildFile; fileRef = A2EB793F29D099AD00ABCCE9 /* ProductBlock.swift */; };
		A2EB794229D0A21E00ABCCE9 /* ProductItem.swift in Sources */ = {isa = PBXBuildFile; fileRef = A2EB794129D0A21E00ABCCE9 /* ProductItem.swift */; };
		A2F32F4229CAEF7B00CC022A /* HomeViewBuyMed.swift in Sources */ = {isa = PBXBuildFile; fileRef = A2F32F4129CAEF7B00CC022A /* HomeViewBuyMed.swift */; };
		A2F32F4429CAF9CC00CC022A /* DiscoveryView.swift in Sources */ = {isa = PBXBuildFile; fileRef = A2F32F4329CAF9CC00CC022A /* DiscoveryView.swift */; };
		A2F32F4629CAF9E700CC022A /* QuickView.swift in Sources */ = {isa = PBXBuildFile; fileRef = A2F32F4529CAF9E700CC022A /* QuickView.swift */; };
		A2F32F4829CAFA0000CC022A /* PromotionView.swift in Sources */ = {isa = PBXBuildFile; fileRef = A2F32F4729CAFA0000CC022A /* PromotionView.swift */; };
		A2F32F4A29CAFA1400CC022A /* StoreView.swift in Sources */ = {isa = PBXBuildFile; fileRef = A2F32F4929CAFA1400CC022A /* StoreView.swift */; };
		A2F32F5329CB061F00CC022A /* ServiceBlockItem.swift in Sources */ = {isa = PBXBuildFile; fileRef = A2F32F5229CB061F00CC022A /* ServiceBlockItem.swift */; };
		A2F32F5529CB096000CC022A /* ServiceBlock.swift in Sources */ = {isa = PBXBuildFile; fileRef = A2F32F5429CB096000CC022A /* ServiceBlock.swift */; };
		A2F32F5929CB0FBB00CC022A /* ServiceModel.swift in Sources */ = {isa = PBXBuildFile; fileRef = A2F32F5829CB0FBB00CC022A /* ServiceModel.swift */; };
		A2F32F5B29CB134B00CC022A /* NetworkingManager.swift in Sources */ = {isa = PBXBuildFile; fileRef = A2F32F5A29CB134B00CC022A /* NetworkingManager.swift */; };
		A2F32F5E29CBF3DA00CC022A /* DataServiceApi.swift in Sources */ = {isa = PBXBuildFile; fileRef = A2F32F5D29CBF3DA00CC022A /* DataServiceApi.swift */; };
		A2F32F6029CBF56900CC022A /* Config.swift in Sources */ = {isa = PBXBuildFile; fileRef = A2F32F5F29CBF56900CC022A /* Config.swift */; };
		A2F32F6229CBF95B00CC022A /* HomeViewModel.swift in Sources */ = {isa = PBXBuildFile; fileRef = A2F32F6129CBF95B00CC022A /* HomeViewModel.swift */; };
		A2F32F6429CC40CA00CC022A /* ApiManager.swift in Sources */ = {isa = PBXBuildFile; fileRef = A2F32F6329CC40CA00CC022A /* ApiManager.swift */; };
		A2F32F6629CD916600CC022A /* BannerModel.swift in Sources */ = {isa = PBXBuildFile; fileRef = A2F32F6529CD916600CC022A /* BannerModel.swift */; };
		A2F32F6829CDEFEE00CC022A /* GetBannerApi.swift in Sources */ = {isa = PBXBuildFile; fileRef = A2F32F6729CDEFEE00CC022A /* GetBannerApi.swift */; };
		A2F32F6A29CEA1AE00CC022A /* ImageCarouselBlock.swift in Sources */ = {isa = PBXBuildFile; fileRef = A2F32F6929CEA1AE00CC022A /* ImageCarouselBlock.swift */; };
		A2F32F6C29CEAA3700CC022A /* Carousel.swift in Sources */ = {isa = PBXBuildFile; fileRef = A2F32F6B29CEAA3700CC022A /* Carousel.swift */; };
		A2F32F7029CEC3F000CC022A /* URLImage.swift in Sources */ = {isa = PBXBuildFile; fileRef = A2F32F6F29CEC3F000CC022A /* URLImage.swift */; };
		A2F32F7329CEC7EF00CC022A /* SDWebImageSwiftUI in Frameworks */ = {isa = PBXBuildFile; productRef = A2F32F7229CEC7EF00CC022A /* SDWebImageSwiftUI */; };
		A2F32F7729CEE04C00CC022A /* ProductModel.swift in Sources */ = {isa = PBXBuildFile; fileRef = A2F32F7629CEE04C00CC022A /* ProductModel.swift */; };
		A2F32F7929CEE6E900CC022A /* GetProductApi.swift in Sources */ = {isa = PBXBuildFile; fileRef = A2F32F7829CEE6E900CC022A /* GetProductApi.swift */; };
/* End PBXBuildFile section */

/* Begin PBXFileReference section */
		8B3C3EAB29E2729400E35848 /* ImageContainerView.swift */ = {isa = PBXFileReference; lastKnownFileType = sourcecode.swift; path = ImageContainerView.swift; sourceTree = "<group>"; };
		A2AEB6A229B2FFC00050C235 /* Buymed SwifUI.app */ = {isa = PBXFileReference; explicitFileType = wrapper.application; includeInIndex = 0; path = "Buymed SwifUI.app"; sourceTree = BUILT_PRODUCTS_DIR; };
		A2AEB6A529B2FFC00050C235 /* SwiftUIMoMoHomeScreenApp.swift */ = {isa = PBXFileReference; lastKnownFileType = sourcecode.swift; path = SwiftUIMoMoHomeScreenApp.swift; sourceTree = "<group>"; };
		A2AEB6A729B2FFC00050C235 /* ContentView.swift */ = {isa = PBXFileReference; lastKnownFileType = sourcecode.swift; path = ContentView.swift; sourceTree = "<group>"; };
		A2AEB6A929B2FFC10050C235 /* Assets.xcassets */ = {isa = PBXFileReference; lastKnownFileType = folder.assetcatalog; path = Assets.xcassets; sourceTree = "<group>"; };
		A2AEB6AC29B2FFC10050C235 /* Preview Assets.xcassets */ = {isa = PBXFileReference; lastKnownFileType = folder.assetcatalog; path = "Preview Assets.xcassets"; sourceTree = "<group>"; };
		A2AEB6B329B4C8980050C235 /* HomeView.swift */ = {isa = PBXFileReference; lastKnownFileType = sourcecode.swift; path = HomeView.swift; sourceTree = "<group>"; };
		A2EB793F29D099AD00ABCCE9 /* ProductBlock.swift */ = {isa = PBXFileReference; lastKnownFileType = sourcecode.swift; path = ProductBlock.swift; sourceTree = "<group>"; };
		A2EB794129D0A21E00ABCCE9 /* ProductItem.swift */ = {isa = PBXFileReference; lastKnownFileType = sourcecode.swift; path = ProductItem.swift; sourceTree = "<group>"; };
		A2F32F4129CAEF7B00CC022A /* HomeViewBuyMed.swift */ = {isa = PBXFileReference; lastKnownFileType = sourcecode.swift; path = HomeViewBuyMed.swift; sourceTree = "<group>"; };
		A2F32F4329CAF9CC00CC022A /* DiscoveryView.swift */ = {isa = PBXFileReference; lastKnownFileType = sourcecode.swift; path = DiscoveryView.swift; sourceTree = "<group>"; };
		A2F32F4529CAF9E700CC022A /* QuickView.swift */ = {isa = PBXFileReference; lastKnownFileType = sourcecode.swift; path = QuickView.swift; sourceTree = "<group>"; };
		A2F32F4729CAFA0000CC022A /* PromotionView.swift */ = {isa = PBXFileReference; lastKnownFileType = sourcecode.swift; path = PromotionView.swift; sourceTree = "<group>"; };
		A2F32F4929CAFA1400CC022A /* StoreView.swift */ = {isa = PBXFileReference; lastKnownFileType = sourcecode.swift; path = StoreView.swift; sourceTree = "<group>"; };
		A2F32F5229CB061F00CC022A /* ServiceBlockItem.swift */ = {isa = PBXFileReference; lastKnownFileType = sourcecode.swift; path = ServiceBlockItem.swift; sourceTree = "<group>"; };
		A2F32F5429CB096000CC022A /* ServiceBlock.swift */ = {isa = PBXFileReference; lastKnownFileType = sourcecode.swift; path = ServiceBlock.swift; sourceTree = "<group>"; };
		A2F32F5829CB0FBB00CC022A /* ServiceModel.swift */ = {isa = PBXFileReference; lastKnownFileType = sourcecode.swift; path = ServiceModel.swift; sourceTree = "<group>"; };
		A2F32F5A29CB134B00CC022A /* NetworkingManager.swift */ = {isa = PBXFileReference; lastKnownFileType = sourcecode.swift; path = NetworkingManager.swift; sourceTree = "<group>"; };
		A2F32F5D29CBF3DA00CC022A /* DataServiceApi.swift */ = {isa = PBXFileReference; lastKnownFileType = sourcecode.swift; path = DataServiceApi.swift; sourceTree = "<group>"; };
		A2F32F5F29CBF56900CC022A /* Config.swift */ = {isa = PBXFileReference; lastKnownFileType = sourcecode.swift; path = Config.swift; sourceTree = "<group>"; };
		A2F32F6129CBF95B00CC022A /* HomeViewModel.swift */ = {isa = PBXFileReference; lastKnownFileType = sourcecode.swift; path = HomeViewModel.swift; sourceTree = "<group>"; };
		A2F32F6329CC40CA00CC022A /* ApiManager.swift */ = {isa = PBXFileReference; lastKnownFileType = sourcecode.swift; path = ApiManager.swift; sourceTree = "<group>"; };
		A2F32F6529CD916600CC022A /* BannerModel.swift */ = {isa = PBXFileReference; lastKnownFileType = sourcecode.swift; path = BannerModel.swift; sourceTree = "<group>"; };
		A2F32F6729CDEFEE00CC022A /* GetBannerApi.swift */ = {isa = PBXFileReference; lastKnownFileType = sourcecode.swift; path = GetBannerApi.swift; sourceTree = "<group>"; };
		A2F32F6929CEA1AE00CC022A /* ImageCarouselBlock.swift */ = {isa = PBXFileReference; lastKnownFileType = sourcecode.swift; path = ImageCarouselBlock.swift; sourceTree = "<group>"; };
		A2F32F6B29CEAA3700CC022A /* Carousel.swift */ = {isa = PBXFileReference; lastKnownFileType = sourcecode.swift; path = Carousel.swift; sourceTree = "<group>"; };
		A2F32F6F29CEC3F000CC022A /* URLImage.swift */ = {isa = PBXFileReference; lastKnownFileType = sourcecode.swift; path = URLImage.swift; sourceTree = "<group>"; };
		A2F32F7629CEE04C00CC022A /* ProductModel.swift */ = {isa = PBXFileReference; lastKnownFileType = sourcecode.swift; path = ProductModel.swift; sourceTree = "<group>"; };
		A2F32F7829CEE6E900CC022A /* GetProductApi.swift */ = {isa = PBXFileReference; lastKnownFileType = sourcecode.swift; path = GetProductApi.swift; sourceTree = "<group>"; };
/* End PBXFileReference section */

/* Begin PBXFrameworksBuildPhase section */
		A2AEB69F29B2FFC00050C235 /* Frameworks */ = {
			isa = PBXFrameworksBuildPhase;
			buildActionMask = 2147483647;
			files = (
				A2F32F7329CEC7EF00CC022A /* SDWebImageSwiftUI in Frameworks */,
			);
			runOnlyForDeploymentPostprocessing = 0;
		};
/* End PBXFrameworksBuildPhase section */

/* Begin PBXGroup section */
		A2AEB69929B2FFC00050C235 = {
			isa = PBXGroup;
			children = (
				A2AEB6A429B2FFC00050C235 /* SwiftUIMoMoHomeScreen */,
				A2AEB6A329B2FFC00050C235 /* Products */,
			);
			sourceTree = "<group>";
		};
		A2AEB6A329B2FFC00050C235 /* Products */ = {
			isa = PBXGroup;
			children = (
				A2AEB6A229B2FFC00050C235 /* Buymed SwifUI.app */,
			);
			name = Products;
			sourceTree = "<group>";
		};
		A2AEB6A429B2FFC00050C235 /* SwiftUIMoMoHomeScreen */ = {
			isa = PBXGroup;
			children = (
				A2F32F5C29CBF35B00CC022A /* Utils */,
				A2F32F5729CB0FA000CC022A /* Services */,
				A2F32F5629CB0F8100CC022A /* Models */,
				A2F32F5129CB060900CC022A /* Components */,
				A2F32F4029CAEF5D00CC022A /* Views */,
				A2AEB6A529B2FFC00050C235 /* SwiftUIMoMoHomeScreenApp.swift */,
				A2AEB6A729B2FFC00050C235 /* ContentView.swift */,
				A2AEB6A929B2FFC10050C235 /* Assets.xcassets */,
				A2AEB6AB29B2FFC10050C235 /* Preview Content */,
				A2AEB6B329B4C8980050C235 /* HomeView.swift */,
			);
			path = SwiftUIMoMoHomeScreen;
			sourceTree = "<group>";
		};
		A2AEB6AB29B2FFC10050C235 /* Preview Content */ = {
			isa = PBXGroup;
			children = (
				A2AEB6AC29B2FFC10050C235 /* Preview Assets.xcassets */,
			);
			path = "Preview Content";
			sourceTree = "<group>";
		};
		A2F32F4029CAEF5D00CC022A /* Views */ = {
			isa = PBXGroup;
			children = (
				A2F32F4F29CB058000CC022A /* StoreView */,
				A2F32F4E29CB057300CC022A /* PromotionView */,
				A2F32F4D29CB056A00CC022A /* QuickView */,
				A2F32F4C29CB055D00CC022A /* DiscoveryView */,
				A2F32F4B29CB054D00CC022A /* HomeViewBuyMed */,
			);
			path = Views;
			sourceTree = "<group>";
		};
		A2F32F4B29CB054D00CC022A /* HomeViewBuyMed */ = {
			isa = PBXGroup;
			children = (
				A2F32F7A29CEE7E700CC022A /* BlockDailyProduct */,
				A2F32F5029CB05C200CC022A /* Block */,
				A2F32F7529CED9CE00CC022A /* ViewModel */,
				A2F32F7429CED9BC00CC022A /* Views */,
			);
			path = HomeViewBuyMed;
			sourceTree = "<group>";
		};
		A2F32F4C29CB055D00CC022A /* DiscoveryView */ = {
			isa = PBXGroup;
			children = (
				A2F32F4329CAF9CC00CC022A /* DiscoveryView.swift */,
			);
			path = DiscoveryView;
			sourceTree = "<group>";
		};
		A2F32F4D29CB056A00CC022A /* QuickView */ = {
			isa = PBXGroup;
			children = (
				A2F32F4529CAF9E700CC022A /* QuickView.swift */,
			);
			path = QuickView;
			sourceTree = "<group>";
		};
		A2F32F4E29CB057300CC022A /* PromotionView */ = {
			isa = PBXGroup;
			children = (
				A2F32F4729CAFA0000CC022A /* PromotionView.swift */,
			);
			path = PromotionView;
			sourceTree = "<group>";
		};
		A2F32F4F29CB058000CC022A /* StoreView */ = {
			isa = PBXGroup;
			children = (
				A2F32F4929CAFA1400CC022A /* StoreView.swift */,
			);
			path = StoreView;
			sourceTree = "<group>";
		};
		A2F32F5029CB05C200CC022A /* Block */ = {
			isa = PBXGroup;
			children = (
				A2F32F5429CB096000CC022A /* ServiceBlock.swift */,
				A2F32F6929CEA1AE00CC022A /* ImageCarouselBlock.swift */,
				A2EB793F29D099AD00ABCCE9 /* ProductBlock.swift */,
			);
			path = Block;
			sourceTree = "<group>";
		};
		A2F32F5129CB060900CC022A /* Components */ = {
			isa = PBXGroup;
			children = (
				A2F32F6B29CEAA3700CC022A /* Carousel.swift */,
				A2F32F5229CB061F00CC022A /* ServiceBlockItem.swift */,
				A2F32F6F29CEC3F000CC022A /* URLImage.swift */,
				A2EB794129D0A21E00ABCCE9 /* ProductItem.swift */,
				8B3C3EAB29E2729400E35848 /* ImageContainerView.swift */,
			);
			path = Components;
			sourceTree = "<group>";
		};
		A2F32F5629CB0F8100CC022A /* Models */ = {
			isa = PBXGroup;
			children = (
				A2F32F5829CB0FBB00CC022A /* ServiceModel.swift */,
				A2F32F6529CD916600CC022A /* BannerModel.swift */,
				A2F32F7629CEE04C00CC022A /* ProductModel.swift */,
			);
			path = Models;
			sourceTree = "<group>";
		};
		A2F32F5729CB0FA000CC022A /* Services */ = {
			isa = PBXGroup;
			children = (
				A2F32F5D29CBF3DA00CC022A /* DataServiceApi.swift */,
				A2F32F6729CDEFEE00CC022A /* GetBannerApi.swift */,
				A2F32F7829CEE6E900CC022A /* GetProductApi.swift */,
			);
			path = Services;
			sourceTree = "<group>";
		};
		A2F32F5C29CBF35B00CC022A /* Utils */ = {
			isa = PBXGroup;
			children = (
				A2F32F5F29CBF56900CC022A /* Config.swift */,
				A2F32F6329CC40CA00CC022A /* ApiManager.swift */,
				A2F32F5A29CB134B00CC022A /* NetworkingManager.swift */,
			);
			path = Utils;
			sourceTree = "<group>";
		};
		A2F32F7429CED9BC00CC022A /* Views */ = {
			isa = PBXGroup;
			children = (
				A2F32F4129CAEF7B00CC022A /* HomeViewBuyMed.swift */,
			);
			path = Views;
			sourceTree = "<group>";
		};
		A2F32F7529CED9CE00CC022A /* ViewModel */ = {
			isa = PBXGroup;
			children = (
				A2F32F6129CBF95B00CC022A /* HomeViewModel.swift */,
			);
			path = ViewModel;
			sourceTree = "<group>";
		};
		A2F32F7A29CEE7E700CC022A /* BlockDailyProduct */ = {
			isa = PBXGroup;
			children = (
			);
			path = BlockDailyProduct;
			sourceTree = "<group>";
		};
/* End PBXGroup section */

/* Begin PBXNativeTarget section */
		A2AEB6A129B2FFC00050C235 /* SwiftUIMoMoHomeScreen */ = {
			isa = PBXNativeTarget;
			buildConfigurationList = A2AEB6B029B2FFC10050C235 /* Build configuration list for PBXNativeTarget "SwiftUIMoMoHomeScreen" */;
			buildPhases = (
				A2AEB69E29B2FFC00050C235 /* Sources */,
				A2AEB69F29B2FFC00050C235 /* Frameworks */,
				A2AEB6A029B2FFC00050C235 /* Resources */,
			);
			buildRules = (
			);
			dependencies = (
			);
			name = SwiftUIMoMoHomeScreen;
			packageProductDependencies = (
				A2F32F7229CEC7EF00CC022A /* SDWebImageSwiftUI */,
			);
			productName = SwiftUIMoMoHomeScreen;
			productReference = A2AEB6A229B2FFC00050C235 /* Buymed SwifUI.app */;
			productType = "com.apple.product-type.application";
		};
/* End PBXNativeTarget section */

/* Begin PBXProject section */
		A2AEB69A29B2FFC00050C235 /* Project object */ = {
			isa = PBXProject;
			attributes = {
				BuildIndependentTargetsInParallel = 1;
				LastSwiftUpdateCheck = 1420;
				LastUpgradeCheck = 1420;
				TargetAttributes = {
					A2AEB6A129B2FFC00050C235 = {
						CreatedOnToolsVersion = 14.2;
					};
				};
			};
			buildConfigurationList = A2AEB69D29B2FFC00050C235 /* Build configuration list for PBXProject "SwiftUIMoMoHomeScreen" */;
			compatibilityVersion = "Xcode 14.0";
			developmentRegion = en;
			hasScannedForEncodings = 0;
			knownRegions = (
				en,
				Base,
			);
			mainGroup = A2AEB69929B2FFC00050C235;
			packageReferences = (
				A2F32F7129CEC7EF00CC022A /* XCRemoteSwiftPackageReference "SDWebImageSwiftUI" */,
			);
			productRefGroup = A2AEB6A329B2FFC00050C235 /* Products */;
			projectDirPath = "";
			projectRoot = "";
			targets = (
				A2AEB6A129B2FFC00050C235 /* SwiftUIMoMoHomeScreen */,
			);
		};
/* End PBXProject section */

/* Begin PBXResourcesBuildPhase section */
		A2AEB6A029B2FFC00050C235 /* Resources */ = {
			isa = PBXResourcesBuildPhase;
			buildActionMask = 2147483647;
			files = (
				A2AEB6AD29B2FFC10050C235 /* Preview Assets.xcassets in Resources */,
				A2AEB6AA29B2FFC10050C235 /* Assets.xcassets in Resources */,
			);
			runOnlyForDeploymentPostprocessing = 0;
		};
/* End PBXResourcesBuildPhase section */

/* Begin PBXSourcesBuildPhase section */
		A2AEB69E29B2FFC00050C235 /* Sources */ = {
			isa = PBXSourcesBuildPhase;
			buildActionMask = 2147483647;
			files = (
				8B3C3EAC29E2729400E35848 /* ImageContainerView.swift in Sources */,
				A2F32F6429CC40CA00CC022A /* ApiManager.swift in Sources */,
				A2AEB6B429B4C8980050C235 /* HomeView.swift in Sources */,
				A2EB794229D0A21E00ABCCE9 /* ProductItem.swift in Sources */,
				A2F32F4229CAEF7B00CC022A /* HomeViewBuyMed.swift in Sources */,
				A2F32F6C29CEAA3700CC022A /* Carousel.swift in Sources */,
				A2F32F5B29CB134B00CC022A /* NetworkingManager.swift in Sources */,
				A2F32F6029CBF56900CC022A /* Config.swift in Sources */,
				A2F32F6829CDEFEE00CC022A /* GetBannerApi.swift in Sources */,
				A2F32F7729CEE04C00CC022A /* ProductModel.swift in Sources */,
				A2F32F4A29CAFA1400CC022A /* StoreView.swift in Sources */,
				A2F32F7929CEE6E900CC022A /* GetProductApi.swift in Sources */,
				A2F32F4829CAFA0000CC022A /* PromotionView.swift in Sources */,
				A2F32F4629CAF9E700CC022A /* QuickView.swift in Sources */,
				A2F32F6A29CEA1AE00CC022A /* ImageCarouselBlock.swift in Sources */,
				A2F32F6629CD916600CC022A /* BannerModel.swift in Sources */,
				A2F32F5929CB0FBB00CC022A /* ServiceModel.swift in Sources */,
				A2F32F5529CB096000CC022A /* ServiceBlock.swift in Sources */,
				A2F32F5329CB061F00CC022A /* ServiceBlockItem.swift in Sources */,
				A2EB794029D099AD00ABCCE9 /* ProductBlock.swift in Sources */,
				A2AEB6A829B2FFC00050C235 /* ContentView.swift in Sources */,
				A2AEB6A629B2FFC00050C235 /* SwiftUIMoMoHomeScreenApp.swift in Sources */,
				A2F32F4429CAF9CC00CC022A /* DiscoveryView.swift in Sources */,
				A2F32F6229CBF95B00CC022A /* HomeViewModel.swift in Sources */,
				A2F32F5E29CBF3DA00CC022A /* DataServiceApi.swift in Sources */,
				A2F32F7029CEC3F000CC022A /* URLImage.swift in Sources */,
			);
			runOnlyForDeploymentPostprocessing = 0;
		};
/* End PBXSourcesBuildPhase section */

/* Begin XCBuildConfiguration section */
		A2AEB6AE29B2FFC10050C235 /* Debug */ = {
			isa = XCBuildConfiguration;
			buildSettings = {
				ALWAYS_SEARCH_USER_PATHS = NO;
				CLANG_ANALYZER_NONNULL = YES;
				CLANG_ANALYZER_NUMBER_OBJECT_CONVERSION = YES_AGGRESSIVE;
				CLANG_CXX_LANGUAGE_STANDARD = "gnu++20";
				CLANG_ENABLE_MODULES = YES;
				CLANG_ENABLE_OBJC_ARC = YES;
				CLANG_ENABLE_OBJC_WEAK = YES;
				CLANG_WARN_BLOCK_CAPTURE_AUTORELEASING = YES;
				CLANG_WARN_BOOL_CONVERSION = YES;
				CLANG_WARN_COMMA = YES;
				CLANG_WARN_CONSTANT_CONVERSION = YES;
				CLANG_WARN_DEPRECATED_OBJC_IMPLEMENTATIONS = YES;
				CLANG_WARN_DIRECT_OBJC_ISA_USAGE = YES_ERROR;
				CLANG_WARN_DOCUMENTATION_COMMENTS = YES;
				CLANG_WARN_EMPTY_BODY = YES;
				CLANG_WARN_ENUM_CONVERSION = YES;
				CLANG_WARN_INFINITE_RECURSION = YES;
				CLANG_WARN_INT_CONVERSION = YES;
				CLANG_WARN_NON_LITERAL_NULL_CONVERSION = YES;
				CLANG_WARN_OBJC_IMPLICIT_RETAIN_SELF = YES;
				CLANG_WARN_OBJC_LITERAL_CONVERSION = YES;
				CLANG_WARN_OBJC_ROOT_CLASS = YES_ERROR;
				CLANG_WARN_QUOTED_INCLUDE_IN_FRAMEWORK_HEADER = YES;
				CLANG_WARN_RANGE_LOOP_ANALYSIS = YES;
				CLANG_WARN_STRICT_PROTOTYPES = YES;
				CLANG_WARN_SUSPICIOUS_MOVE = YES;
				CLANG_WARN_UNGUARDED_AVAILABILITY = YES_AGGRESSIVE;
				CLANG_WARN_UNREACHABLE_CODE = YES;
				CLANG_WARN__DUPLICATE_METHOD_MATCH = YES;
				COPY_PHASE_STRIP = NO;
				DEBUG_INFORMATION_FORMAT = dwarf;
				ENABLE_STRICT_OBJC_MSGSEND = YES;
				ENABLE_TESTABILITY = YES;
				GCC_C_LANGUAGE_STANDARD = gnu11;
				GCC_DYNAMIC_NO_PIC = NO;
				GCC_NO_COMMON_BLOCKS = YES;
				GCC_OPTIMIZATION_LEVEL = 0;
				GCC_PREPROCESSOR_DEFINITIONS = (
					"DEBUG=1",
					"$(inherited)",
				);
				GCC_WARN_64_TO_32_BIT_CONVERSION = YES;
				GCC_WARN_ABOUT_RETURN_TYPE = YES_ERROR;
				GCC_WARN_UNDECLARED_SELECTOR = YES;
				GCC_WARN_UNINITIALIZED_AUTOS = YES_AGGRESSIVE;
				GCC_WARN_UNUSED_FUNCTION = YES;
				GCC_WARN_UNUSED_VARIABLE = YES;
				IPHONEOS_DEPLOYMENT_TARGET = 16.2;
				MTL_ENABLE_DEBUG_INFO = INCLUDE_SOURCE;
				MTL_FAST_MATH = YES;
				ONLY_ACTIVE_ARCH = YES;
				SDKROOT = iphoneos;
				SWIFT_ACTIVE_COMPILATION_CONDITIONS = DEBUG;
				SWIFT_OPTIMIZATION_LEVEL = "-Onone";
			};
			name = Debug;
		};
		A2AEB6AF29B2FFC10050C235 /* Release */ = {
			isa = XCBuildConfiguration;
			buildSettings = {
				ALWAYS_SEARCH_USER_PATHS = NO;
				CLANG_ANALYZER_NONNULL = YES;
				CLANG_ANALYZER_NUMBER_OBJECT_CONVERSION = YES_AGGRESSIVE;
				CLANG_CXX_LANGUAGE_STANDARD = "gnu++20";
				CLANG_ENABLE_MODULES = YES;
				CLANG_ENABLE_OBJC_ARC = YES;
				CLANG_ENABLE_OBJC_WEAK = YES;
				CLANG_WARN_BLOCK_CAPTURE_AUTORELEASING = YES;
				CLANG_WARN_BOOL_CONVERSION = YES;
				CLANG_WARN_COMMA = YES;
				CLANG_WARN_CONSTANT_CONVERSION = YES;
				CLANG_WARN_DEPRECATED_OBJC_IMPLEMENTATIONS = YES;
				CLANG_WARN_DIRECT_OBJC_ISA_USAGE = YES_ERROR;
				CLANG_WARN_DOCUMENTATION_COMMENTS = YES;
				CLANG_WARN_EMPTY_BODY = YES;
				CLANG_WARN_ENUM_CONVERSION = YES;
				CLANG_WARN_INFINITE_RECURSION = YES;
				CLANG_WARN_INT_CONVERSION = YES;
				CLANG_WARN_NON_LITERAL_NULL_CONVERSION = YES;
				CLANG_WARN_OBJC_IMPLICIT_RETAIN_SELF = YES;
				CLANG_WARN_OBJC_LITERAL_CONVERSION = YES;
				CLANG_WARN_OBJC_ROOT_CLASS = YES_ERROR;
				CLANG_WARN_QUOTED_INCLUDE_IN_FRAMEWORK_HEADER = YES;
				CLANG_WARN_RANGE_LOOP_ANALYSIS = YES;
				CLANG_WARN_STRICT_PROTOTYPES = YES;
				CLANG_WARN_SUSPICIOUS_MOVE = YES;
				CLANG_WARN_UNGUARDED_AVAILABILITY = YES_AGGRESSIVE;
				CLANG_WARN_UNREACHABLE_CODE = YES;
				CLANG_WARN__DUPLICATE_METHOD_MATCH = YES;
				COPY_PHASE_STRIP = NO;
				DEBUG_INFORMATION_FORMAT = "dwarf-with-dsym";
				ENABLE_NS_ASSERTIONS = NO;
				ENABLE_STRICT_OBJC_MSGSEND = YES;
				GCC_C_LANGUAGE_STANDARD = gnu11;
				GCC_NO_COMMON_BLOCKS = YES;
				GCC_WARN_64_TO_32_BIT_CONVERSION = YES;
				GCC_WARN_ABOUT_RETURN_TYPE = YES_ERROR;
				GCC_WARN_UNDECLARED_SELECTOR = YES;
				GCC_WARN_UNINITIALIZED_AUTOS = YES_AGGRESSIVE;
				GCC_WARN_UNUSED_FUNCTION = YES;
				GCC_WARN_UNUSED_VARIABLE = YES;
				IPHONEOS_DEPLOYMENT_TARGET = 16.2;
				MTL_ENABLE_DEBUG_INFO = NO;
				MTL_FAST_MATH = YES;
				SDKROOT = iphoneos;
				SWIFT_COMPILATION_MODE = wholemodule;
				SWIFT_OPTIMIZATION_LEVEL = "-O";
				VALIDATE_PRODUCT = YES;
			};
			name = Release;
		};
		A2AEB6B129B2FFC10050C235 /* Debug */ = {
			isa = XCBuildConfiguration;
			buildSettings = {
				ASSETCATALOG_COMPILER_APPICON_NAME = AppIcon;
				ASSETCATALOG_COMPILER_GLOBAL_ACCENT_COLOR_NAME = AccentColor;
				CODE_SIGN_STYLE = Automatic;
				CURRENT_PROJECT_VERSION = 1;
				DEVELOPMENT_ASSET_PATHS = "\"SwiftUIMoMoHomeScreen/Preview Content\"";
				ENABLE_PREVIEWS = YES;
				GENERATE_INFOPLIST_FILE = YES;
				INFOPLIST_KEY_UIApplicationSceneManifest_Generation = YES;
				INFOPLIST_KEY_UIApplicationSupportsIndirectInputEvents = YES;
				INFOPLIST_KEY_UILaunchScreen_Generation = YES;
				INFOPLIST_KEY_UISupportedInterfaceOrientations_iPad = "UIInterfaceOrientationPortrait UIInterfaceOrientationPortraitUpsideDown UIInterfaceOrientationLandscapeLeft UIInterfaceOrientationLandscapeRight";
				INFOPLIST_KEY_UISupportedInterfaceOrientations_iPhone = "UIInterfaceOrientationPortrait UIInterfaceOrientationLandscapeLeft UIInterfaceOrientationLandscapeRight";
				LD_RUNPATH_SEARCH_PATHS = (
					"$(inherited)",
					"@executable_path/Frameworks",
				);
				MARKETING_VERSION = 1.0;
				PRODUCT_BUNDLE_IDENTIFIER = "khanh-swiftUI.SwiftUIMoMoHomeScreen";
				PRODUCT_NAME = "Buymed SwifUI";
				SWIFT_EMIT_LOC_STRINGS = YES;
				SWIFT_VERSION = 5.0;
				TARGETED_DEVICE_FAMILY = "1,2";
			};
			name = Debug;
		};
		A2AEB6B229B2FFC10050C235 /* Release */ = {
			isa = XCBuildConfiguration;
			buildSettings = {
				ASSETCATALOG_COMPILER_APPICON_NAME = AppIcon;
				ASSETCATALOG_COMPILER_GLOBAL_ACCENT_COLOR_NAME = AccentColor;
				CODE_SIGN_STYLE = Automatic;
				CURRENT_PROJECT_VERSION = 1;
				DEVELOPMENT_ASSET_PATHS = "\"SwiftUIMoMoHomeScreen/Preview Content\"";
				ENABLE_PREVIEWS = YES;
				GENERATE_INFOPLIST_FILE = YES;
				INFOPLIST_KEY_UIApplicationSceneManifest_Generation = YES;
				INFOPLIST_KEY_UIApplicationSupportsIndirectInputEvents = YES;
				INFOPLIST_KEY_UILaunchScreen_Generation = YES;
				INFOPLIST_KEY_UISupportedInterfaceOrientations_iPad = "UIInterfaceOrientationPortrait UIInterfaceOrientationPortraitUpsideDown UIInterfaceOrientationLandscapeLeft UIInterfaceOrientationLandscapeRight";
				INFOPLIST_KEY_UISupportedInterfaceOrientations_iPhone = "UIInterfaceOrientationPortrait UIInterfaceOrientationLandscapeLeft UIInterfaceOrientationLandscapeRight";
				LD_RUNPATH_SEARCH_PATHS = (
					"$(inherited)",
					"@executable_path/Frameworks",
				);
				MARKETING_VERSION = 1.0;
				PRODUCT_BUNDLE_IDENTIFIER = "khanh-swiftUI.SwiftUIMoMoHomeScreen";
				PRODUCT_NAME = "Buymed SwifUI";
				SWIFT_EMIT_LOC_STRINGS = YES;
				SWIFT_VERSION = 5.0;
				TARGETED_DEVICE_FAMILY = "1,2";
			};
			name = Release;
		};
/* End XCBuildConfiguration section */

/* Begin XCConfigurationList section */
		A2AEB69D29B2FFC00050C235 /* Build configuration list for PBXProject "SwiftUIMoMoHomeScreen" */ = {
			isa = XCConfigurationList;
			buildConfigurations = (
				A2AEB6AE29B2FFC10050C235 /* Debug */,
				A2AEB6AF29B2FFC10050C235 /* Release */,
			);
			defaultConfigurationIsVisible = 0;
			defaultConfigurationName = Release;
		};
		A2AEB6B029B2FFC10050C235 /* Build configuration list for PBXNativeTarget "SwiftUIMoMoHomeScreen" */ = {
			isa = XCConfigurationList;
			buildConfigurations = (
				A2AEB6B129B2FFC10050C235 /* Debug */,
				A2AEB6B229B2FFC10050C235 /* Release */,
			);
			defaultConfigurationIsVisible = 0;
			defaultConfigurationName = Release;
		};
/* End XCConfigurationList section */

/* Begin XCRemoteSwiftPackageReference section */
		A2F32F7129CEC7EF00CC022A /* XCRemoteSwiftPackageReference "SDWebImageSwiftUI" */ = {
			isa = XCRemoteSwiftPackageReference;
			repositoryURL = "https://github.com/SDWebImage/SDWebImageSwiftUI";
			requirement = {
				branch = master;
				kind = branch;
			};
		};
/* End XCRemoteSwiftPackageReference section */

/* Begin XCSwiftPackageProductDependency section */
		A2F32F7229CEC7EF00CC022A /* SDWebImageSwiftUI */ = {
			isa = XCSwiftPackageProductDependency;
			package = A2F32F7129CEC7EF00CC022A /* XCRemoteSwiftPackageReference "SDWebImageSwiftUI" */;
			productName = SDWebImageSwiftUI;
		};
/* End XCSwiftPackageProductDependency section */
	};
	rootObject = A2AEB69A29B2FFC00050C235 /* Project object */;
}
